
Microsoft Visual Studio Solution File, Format Version 12.00
# Visual Studio Version 16
VisualStudioVersion = 16.0.31112.23
MinimumVisualStudioVersion = 10.0.40219.1
Project("{FAE04EC0-301F-11D3-BF4B-00C04F79EFBC}") = "InterfaceSegregationPrinciple", "InterfaceSegregationPrinciple\InterfaceSegregationPrinciple.csproj", "{C9B4E79C-06C1-4058-8C89-7CF4766C0987}"
EndProject
Global
	GlobalSection(SolutionConfigurationPlatforms) = preSolution
		Debug|Any CPU = Debug|Any CPU
		Release|Any CPU = Release|Any CPU
	EndGlobalSection
	GlobalSection(ProjectConfigurationPlatforms) = postSolution
		{C9B4E79C-06C1-4058-8C89-7CF4766C0987}.Debug|Any CPU.ActiveCfg = Debug|Any CPU
		{C9B4E79C-06C1-4058-8C89-7CF4766C0987}.Debug|Any CPU.Build.0 = Debug|Any CPU
		{C9B4E79C-06C1-4058-8C89-7CF4766C0987}.Release|Any CPU.ActiveCfg = Release|Any CPU
		{C9B4E79C-06C1-4058-8C89-7CF4766C0987}.Release|Any CPU.Build.0 = Release|Any CPU
	EndGlobalSection
	GlobalSection(SolutionProperties) = preSolution
		HideSolutionNode = FALSE
	EndGlobalSection
	GlobalSection(ExtensibilityGlobals) = postSolution
		SolutionGuid = {C77ECDCA-8F37-4070-BADE-0E6F0058D4F1}
	EndGlobalSection
EndGlobal
