
Microsoft Visual Studio Solution File, Format Version 12.00
# Visual Studio Version 16
VisualStudioVersion = 16.0.31005.135
MinimumVisualStudioVersion = 10.0.40219.1
Project("{FAE04EC0-301F-11D3-BF4B-00C04F79EFBC}") = "OpenClosePrinciple", "OpenClosePrinciple\OpenClosePrinciple.csproj", "{9B08C0EF-C4EC-40AA-9CB3-5B1CD3B30917}"
EndProject
Global
	GlobalSection(SolutionConfigurationPlatforms) = preSolution
		Debug|Any CPU = Debug|Any CPU
		Release|Any CPU = Release|Any CPU
	EndGlobalSection
	GlobalSection(ProjectConfigurationPlatforms) = postSolution
		{9B08C0EF-C4EC-40AA-9CB3-5B1CD3B30917}.Debug|Any CPU.ActiveCfg = Debug|Any CPU
		{9B08C0EF-C4EC-40AA-9CB3-5B1CD3B30917}.Debug|Any CPU.Build.0 = Debug|Any CPU
		{9B08C0EF-C4EC-40AA-9CB3-5B1CD3B30917}.Release|Any CPU.ActiveCfg = Release|Any CPU
		{9B08C0EF-C4EC-40AA-9CB3-5B1CD3B30917}.Release|Any CPU.Build.0 = Release|Any CPU
	EndGlobalSection
	GlobalSection(SolutionProperties) = preSolution
		HideSolutionNode = FALSE
	EndGlobalSection
	GlobalSection(ExtensibilityGlobals) = postSolution
		SolutionGuid = {94A08614-7531-40D1-B014-54AE7DFEA99B}
	EndGlobalSection
EndGlobal
