
Microsoft Visual Studio Solution File, Format Version 12.00
# Visual Studio Version 16
VisualStudioVersion = 16.0.31112.23
MinimumVisualStudioVersion = 10.0.40219.1
Project("{FAE04EC0-301F-11D3-BF4B-00C04F79EFBC}") = "LiskovSubstitutionPrinciple", "LiskovSubstitutionPrinciple\LiskovSubstitutionPrinciple.csproj", "{5BD27141-6210-4530-9187-4F2FF86E71C1}"
EndProject
Global
	GlobalSection(SolutionConfigurationPlatforms) = preSolution
		Debug|Any CPU = Debug|Any CPU
		Release|Any CPU = Release|Any CPU
	EndGlobalSection
	GlobalSection(ProjectConfigurationPlatforms) = postSolution
		{5BD27141-6210-4530-9187-4F2FF86E71C1}.Debug|Any CPU.ActiveCfg = Debug|Any CPU
		{5BD27141-6210-4530-9187-4F2FF86E71C1}.Debug|Any CPU.Build.0 = Debug|Any CPU
		{5BD27141-6210-4530-9187-4F2FF86E71C1}.Release|Any CPU.ActiveCfg = Release|Any CPU
		{5BD27141-6210-4530-9187-4F2FF86E71C1}.Release|Any CPU.Build.0 = Release|Any CPU
	EndGlobalSection
	GlobalSection(SolutionProperties) = preSolution
		HideSolutionNode = FALSE
	EndGlobalSection
	GlobalSection(ExtensibilityGlobals) = postSolution
		SolutionGuid = {E113FA6A-5AB8-463E-9F9A-BFFB1C9B6C54}
	EndGlobalSection
EndGlobal
