
Microsoft Visual Studio Solution File, Format Version 12.00
# Visual Studio Version 16
VisualStudioVersion = 16.0.31005.135
MinimumVisualStudioVersion = 10.0.40219.1
Project("{FAE04EC0-301F-11D3-BF4B-00C04F79EFBC}") = "SingleResponsibilityPrinciple", "SingleResponsibilityPrinciple\SingleResponsibilityPrinciple.csproj", "{22190A7B-A9C7-4152-ACFF-600B789553C1}"
EndProject
Global
	GlobalSection(SolutionConfigurationPlatforms) = preSolution
		Debug|Any CPU = Debug|Any CPU
		Release|Any CPU = Release|Any CPU
	EndGlobalSection
	GlobalSection(ProjectConfigurationPlatforms) = postSolution
		{22190A7B-A9C7-4152-ACFF-600B789553C1}.Debug|Any CPU.ActiveCfg = Debug|Any CPU
		{22190A7B-A9C7-4152-ACFF-600B789553C1}.Debug|Any CPU.Build.0 = Debug|Any CPU
		{22190A7B-A9C7-4152-ACFF-600B789553C1}.Release|Any CPU.ActiveCfg = Release|Any CPU
		{22190A7B-A9C7-4152-ACFF-600B789553C1}.Release|Any CPU.Build.0 = Release|Any CPU
	EndGlobalSection
	GlobalSection(SolutionProperties) = preSolution
		HideSolutionNode = FALSE
	EndGlobalSection
	GlobalSection(ExtensibilityGlobals) = postSolution
		SolutionGuid = {38CB1762-D665-4C76-9A8E-645553854435}
	EndGlobalSection
EndGlobal
